
Microsoft Visual Studio Solution File, Format Version 12.00
# Visual Studio Version 16
VisualStudioVersion = 25.0.1706.0
MinimumVisualStudioVersion = 10.0.40219.1
Project("{FAE04EC0-301F-11D3-BF4B-00C04F79EFBC}") = "DanteGame", "Game\DanteGame.csproj", "{E1914916-B60D-4BA1-86ED-F3ECA4996ABD}"
EndProject
Global
	GlobalSection(SolutionConfigurationPlatforms) = preSolution
		Debug|Any CPU = Debug|Any CPU
		Release|Any CPU = Release|Any CPU
	EndGlobalSection
	GlobalSection(ProjectConfigurationPlatforms) = postSolution
		{E1914916-B60D-4BA1-86ED-F3ECA4996ABD}.Debug|Any CPU.ActiveCfg = Debug|Any CPU
		{E1914916-B60D-4BA1-86ED-F3ECA4996ABD}.Debug|Any CPU.Build.0 = Debug|Any CPU
		{E1914916-B60D-4BA1-86ED-F3ECA4996ABD}.Release|Any CPU.ActiveCfg = Release|Any CPU
		{E1914916-B60D-4BA1-86ED-F3ECA4996ABD}.Release|Any CPU.Build.0 = Release|Any CPU
	EndGlobalSection
	GlobalSection(SolutionProperties) = preSolution
		HideSolutionNode = FALSE
	EndGlobalSection
	GlobalSection(ExtensibilityGlobals) = postSolution
		SolutionGuid = {BB09F360-C6DC-4217-B761-7998E9B9B177}
	EndGlobalSection
EndGlobal
